
Microsoft Visual Studio Solution File, Format Version 12.00
# Visual Studio Version 17
VisualStudioVersion = 17.14.36414.22 d17.14
MinimumVisualStudioVersion = 10.0.40219.1
Project("{FAE04EC0-301F-11D3-BF4B-00C04F79EFBC}") = "lab5class", "lab5class.csproj", "{68C8CF8E-285E-4CD6-92D0-BAD35DDC1970}"
EndProject
Global
	GlobalSection(SolutionConfigurationPlatforms) = preSolution
		Debug|Any CPU = Debug|Any CPU
		Release|Any CPU = Release|Any CPU
	EndGlobalSection
	GlobalSection(ProjectConfigurationPlatforms) = postSolution
		{68C8CF8E-285E-4CD6-92D0-BAD35DDC1970}.Debug|Any CPU.ActiveCfg = Debug|Any CPU
		{68C8CF8E-285E-4CD6-92D0-BAD35DDC1970}.Debug|Any CPU.Build.0 = Debug|Any CPU
		{68C8CF8E-285E-4CD6-92D0-BAD35DDC1970}.Release|Any CPU.ActiveCfg = Release|Any CPU
		{68C8CF8E-285E-4CD6-92D0-BAD35DDC1970}.Release|Any CPU.Build.0 = Release|Any CPU
	EndGlobalSection
	GlobalSection(SolutionProperties) = preSolution
		HideSolutionNode = FALSE
	EndGlobalSection
	GlobalSection(ExtensibilityGlobals) = postSolution
		SolutionGuid = {CF7EFA0B-C52F-40FC-A0A6-250FB3D3EE2E}
	EndGlobalSection
EndGlobal
